
Microsoft Visual Studio Solution File, Format Version 12.00
# Visual Studio Version 16
VisualStudioVersion = 16.0.30204.135
MinimumVisualStudioVersion = 10.0.40219.1
Project("{FAE04EC0-301F-11D3-BF4B-00C04F79EFBC}") = "XmlToMongoDb", "XmlToMongoDb\XmlToMongoDb.csproj", "{391B163C-38FA-4CE6-B943-FEF4F2DFCB40}"
EndProject
Global
	GlobalSection(SolutionConfigurationPlatforms) = preSolution
		Debug|Any CPU = Debug|Any CPU
		Release|Any CPU = Release|Any CPU
	EndGlobalSection
	GlobalSection(ProjectConfigurationPlatforms) = postSolution
		{391B163C-38FA-4CE6-B943-FEF4F2DFCB40}.Debug|Any CPU.ActiveCfg = Debug|Any CPU
		{391B163C-38FA-4CE6-B943-FEF4F2DFCB40}.Debug|Any CPU.Build.0 = Debug|Any CPU
		{391B163C-38FA-4CE6-B943-FEF4F2DFCB40}.Release|Any CPU.ActiveCfg = Release|Any CPU
		{391B163C-38FA-4CE6-B943-FEF4F2DFCB40}.Release|Any CPU.Build.0 = Release|Any CPU
	EndGlobalSection
	GlobalSection(SolutionProperties) = preSolution
		HideSolutionNode = FALSE
	EndGlobalSection
	GlobalSection(ExtensibilityGlobals) = postSolution
		SolutionGuid = {E83AA53B-3E95-482B-B5EB-1152D96D45F8}
	EndGlobalSection
EndGlobal
